{
  "name": "pus-pus-pus",
  "lockfileVersion": 2,
  "requires": true,
  "packages": {
    "": {
      "name": "pus-pus-pus",
      "workspaces": [
        "clients/*"
      ]
    },
    "clients/web": {
      "name": "pus-pus-pus-client"
    },
    "node_modules/pus-pus-pus-client": {
      "resolved": "clients/web",
      "link": true
    }
  },
  "dependencies": {
    "pus-pus-pus-client": {
      "version": "file:clients/web"
    }
  }
}
